
Microsoft Visual Studio Solution File, Format Version 12.00
# Visual Studio Version 16
VisualStudioVersion = 16.0.29911.84
MinimumVisualStudioVersion = 10.0.40219.1
Project("{8BC9CEB8-8B4A-11D0-8D11-00A0C91BC942}") = "DeadLock", "DeadLock\DeadLock.vcxproj", "{E46D3318-CBA3-4B5F-984F-F10B017F046A}"
EndProject
Global
	GlobalSection(SolutionConfigurationPlatforms) = preSolution
		Debug|x64 = Debug|x64
		Debug|x86 = Debug|x86
		Release|x64 = Release|x64
		Release|x86 = Release|x86
	EndGlobalSection
	GlobalSection(ProjectConfigurationPlatforms) = postSolution
		{E46D3318-CBA3-4B5F-984F-F10B017F046A}.Debug|x64.ActiveCfg = Debug|x64
		{E46D3318-CBA3-4B5F-984F-F10B017F046A}.Debug|x64.Build.0 = Debug|x64
		{E46D3318-CBA3-4B5F-984F-F10B017F046A}.Debug|x86.ActiveCfg = Debug|Win32
		{E46D3318-CBA3-4B5F-984F-F10B017F046A}.Debug|x86.Build.0 = Debug|Win32
		{E46D3318-CBA3-4B5F-984F-F10B017F046A}.Release|x64.ActiveCfg = Release|x64
		{E46D3318-CBA3-4B5F-984F-F10B017F046A}.Release|x64.Build.0 = Release|x64
		{E46D3318-CBA3-4B5F-984F-F10B017F046A}.Release|x86.ActiveCfg = Release|Win32
		{E46D3318-CBA3-4B5F-984F-F10B017F046A}.Release|x86.Build.0 = Release|Win32
	EndGlobalSection
	GlobalSection(SolutionProperties) = preSolution
		HideSolutionNode = FALSE
	EndGlobalSection
	GlobalSection(ExtensibilityGlobals) = postSolution
		SolutionGuid = {62DA0780-4CEC-4E68-BBBA-4F7C4BFBAFF7}
	EndGlobalSection
EndGlobal
